
Microsoft Visual Studio Solution File, Format Version 12.00
# Visual Studio Version 16
VisualStudioVersion = 16.0.31424.327
MinimumVisualStudioVersion = 10.0.40219.1
Project("{888888A0-9F3D-457C-B088-3A5042F75D52}") = "PriscillaGonzález_RayTracer_20689", "PriscillaGonzález_RayTracer_20689\PriscillaGonzález_RayTracer_20689.pyproj", "{01E1FBC1-73DD-401C-8C29-0A2287F6C812}"
EndProject
Global
	GlobalSection(SolutionConfigurationPlatforms) = preSolution
		Debug|Any CPU = Debug|Any CPU
		Release|Any CPU = Release|Any CPU
	EndGlobalSection
	GlobalSection(ProjectConfigurationPlatforms) = postSolution
		{01E1FBC1-73DD-401C-8C29-0A2287F6C812}.Debug|Any CPU.ActiveCfg = Debug|Any CPU
		{01E1FBC1-73DD-401C-8C29-0A2287F6C812}.Release|Any CPU.ActiveCfg = Release|Any CPU
	EndGlobalSection
	GlobalSection(SolutionProperties) = preSolution
		HideSolutionNode = FALSE
	EndGlobalSection
	GlobalSection(ExtensibilityGlobals) = postSolution
		SolutionGuid = {612F6DF4-2EC0-451A-91E5-98F9854C1917}
	EndGlobalSection
EndGlobal
